{
  "name": "rtp-grava-wav",
  "version": "1.0.0",
  "lockfileVersion": 3,
  "requires": true,
  "packages": {
    "": {
      "name": "rtp-grava-wav",
      "version": "1.0.0",
      "license": "ISC",
      "dependencies": {
        "datagram-stream": "^1.1.1"
      }
    },
    "node_modules/datagram-stream": {
      "version": "1.1.1",
      "resolved": "https://registry.npmjs.org/datagram-stream/-/datagram-stream-1.1.1.tgz",
      "integrity": "sha512-rd+TZCu33h+0TAUJOI1H80W+zgfX2W9qhyqsao3a36EDoldcZTTDv04qvIfzOycbDTd3NhlXhmvfvEVnBZba9g==",
      "license": "MIT"
    }
  }
}
